
Microsoft Visual Studio Solution File, Format Version 10.00
# Visual Studio 2008
Project("{8BC9CEB8-8B4A-11D0-8D11-00A0C91BC942}") = "RobotBee", "RobotBee.vcproj", "{051B3975-1D90-4B09-8F22-0E7802BF2712}"
EndProject
Global
	GlobalSection(SolutionConfigurationPlatforms) = preSolution
		Debug|Win32 = Debug|Win32
		Release|Win32 = Release|Win32
	EndGlobalSection
	GlobalSection(ProjectConfigurationPlatforms) = postSolution
		{051B3975-1D90-4B09-8F22-0E7802BF2712}.Debug|Win32.ActiveCfg = Debug|Win32
		{051B3975-1D90-4B09-8F22-0E7802BF2712}.Debug|Win32.Build.0 = Debug|Win32
		{051B3975-1D90-4B09-8F22-0E7802BF2712}.Release|Win32.ActiveCfg = Release|Win32
		{051B3975-1D90-4B09-8F22-0E7802BF2712}.Release|Win32.Build.0 = Release|Win32
	EndGlobalSection
	GlobalSection(SolutionProperties) = preSolution
		HideSolutionNode = FALSE
	EndGlobalSection
EndGlobal
