Microsoft Visual Studio Solution File, Format Version 10.00
# Visual Studio 2008
Project("{8BC9CEB8-8B4A-11D0-8D11-00A0C91BC942}") = "ÎÄ¼þ²Ù×÷", "File.vcproj", "{A1AB1711-995E-4395-AF3E-95DA3B478424}"
EndProject
Global
	GlobalSection(SolutionConfigurationPlatforms) = preSolution
		Debug|Win32 = Debug|Win32
		Release|Win32 = Release|Win32
	EndGlobalSection
	GlobalSection(ProjectConfigurationPlatforms) = postSolution
		{A1AB1711-995E-4395-AF3E-95DA3B478424}.Debug|Win32.ActiveCfg = Debug|Win32
		{A1AB1711-995E-4395-AF3E-95DA3B478424}.Debug|Win32.Build.0 = Debug|Win32
		{A1AB1711-995E-4395-AF3E-95DA3B478424}.Release|Win32.ActiveCfg = Release|Win32
		{A1AB1711-995E-4395-AF3E-95DA3B478424}.Release|Win32.Build.0 = Release|Win32
	EndGlobalSection
	GlobalSection(SolutionProperties) = preSolution
		HideSolutionNode = FALSE
	EndGlobalSection
EndGlobal
