
Microsoft Visual Studio Solution File, Format Version 10.00
# Visual Studio 2008
Project("{8BC9CEB8-8B4A-11D0-8D11-00A0C91BC942}") = "模板组件", "TemplateModule.vcproj", "{4E01E96E-5B54-405F-9CA3-877D8354974F}"
EndProject
Global
	GlobalSection(SolutionConfigurationPlatforms) = preSolution
		Debug|Win32 = Debug|Win32
		Release|Win32 = Release|Win32
	EndGlobalSection
	GlobalSection(ProjectConfigurationPlatforms) = postSolution
		{4E01E96E-5B54-405F-9CA3-877D8354974F}.Debug|Win32.ActiveCfg = Debug|Win32
		{4E01E96E-5B54-405F-9CA3-877D8354974F}.Debug|Win32.Build.0 = Debug|Win32
		{4E01E96E-5B54-405F-9CA3-877D8354974F}.Release|Win32.ActiveCfg = Release|Win32
		{4E01E96E-5B54-405F-9CA3-877D8354974F}.Release|Win32.Build.0 = Release|Win32
	EndGlobalSection
	GlobalSection(SolutionProperties) = preSolution
		HideSolutionNode = FALSE
	EndGlobalSection
EndGlobal
