
Microsoft Visual Studio Solution File, Format Version 10.00
# Visual Studio 2008
Project("{8BC9CEB8-8B4A-11D0-8D11-00A0C91BC942}") = "GirlDiary", "GirlDiary.vcproj", "{C8C07D2D-90F4-457D-803C-6DED5BB64248}"
EndProject
Global
	GlobalSection(SolutionConfigurationPlatforms) = preSolution
		Debug|Win32 = Debug|Win32
		Release|Win32 = Release|Win32
	EndGlobalSection
	GlobalSection(ProjectConfigurationPlatforms) = postSolution
		{C8C07D2D-90F4-457D-803C-6DED5BB64248}.Debug|Win32.ActiveCfg = Debug|Win32
		{C8C07D2D-90F4-457D-803C-6DED5BB64248}.Debug|Win32.Build.0 = Debug|Win32
		{C8C07D2D-90F4-457D-803C-6DED5BB64248}.Release|Win32.ActiveCfg = Release|Win32
		{C8C07D2D-90F4-457D-803C-6DED5BB64248}.Release|Win32.Build.0 = Release|Win32
	EndGlobalSection
	GlobalSection(SolutionProperties) = preSolution
		HideSolutionNode = FALSE
	EndGlobalSection
EndGlobal
